// !$*UTF8*$!
{
	archiveVersion = 1;
	classes = {
	};
	objectVersion = 56;
	objects = {

/* Begin PBXBuildFile section */
		F81FCC0B2B2AEE530001D8CA /* Shared.framework in Frameworks */ = {isa = PBXBuildFile; fileRef = F81FCC0A2B2AEE530001D8CA /* Shared.framework */; };
		F81FCC0C2B2AEE530001D8CA /* Shared.framework in Embed Frameworks */ = {isa = PBXBuildFile; fileRef = F81FCC0A2B2AEE530001D8CA /* Shared.framework */; settings = {ATTRIBUTES = (CodeSignOnCopy, RemoveHeadersOnCopy, ); }; };
		F81FCC372B2AF17B0001D8CA /* PokemonDetails.framework in Frameworks */ = {isa = PBXBuildFile; fileRef = F81FCC292B2AF1120001D8CA /* PokemonDetails.framework */; };
		F81FCC382B2AF17B0001D8CA /* PokemonDetails.framework in Embed Frameworks */ = {isa = PBXBuildFile; fileRef = F81FCC292B2AF1120001D8CA /* PokemonDetails.framework */; settings = {ATTRIBUTES = (CodeSignOnCopy, RemoveHeadersOnCopy, ); }; };
		F81FCC702B2AF6DA0001D8CA /* PokemonList.framework in Frameworks */ = {isa = PBXBuildFile; fileRef = F81FCC612B2AF67E0001D8CA /* PokemonList.framework */; };
		F81FCC712B2AF6DA0001D8CA /* PokemonList.framework in Embed Frameworks */ = {isa = PBXBuildFile; fileRef = F81FCC612B2AF67E0001D8CA /* PokemonList.framework */; settings = {ATTRIBUTES = (CodeSignOnCopy, RemoveHeadersOnCopy, ); }; };
		F8C6A72A2B299D5000772964 /* MyPokemonPhinconApp.swift in Sources */ = {isa = PBXBuildFile; fileRef = F8C6A7292B299D5000772964 /* MyPokemonPhinconApp.swift */; };
		F8C6A72E2B299D5100772964 /* Assets.xcassets in Resources */ = {isa = PBXBuildFile; fileRef = F8C6A72D2B299D5100772964 /* Assets.xcassets */; };
		F8C6A7312B299D5100772964 /* Preview Assets.xcassets in Resources */ = {isa = PBXBuildFile; fileRef = F8C6A7302B299D5100772964 /* Preview Assets.xcassets */; };
		F8C6A7362B299D5100772964 /* MyPokemonPhincon.xcdatamodeld in Sources */ = {isa = PBXBuildFile; fileRef = F8C6A7342B299D5100772964 /* MyPokemonPhincon.xcdatamodeld */; };
/* End PBXBuildFile section */

/* Begin PBXContainerItemProxy section */
		F81FCC282B2AF1120001D8CA /* PBXContainerItemProxy */ = {
			isa = PBXContainerItemProxy;
			containerPortal = F81FCC242B2AF1110001D8CA /* PokemonDetails.xcodeproj */;
			proxyType = 2;
			remoteGlobalIDString = F81FCC1A2B2AF1110001D8CA;
			remoteInfo = PokemonDetails;
		};
		F81FCC602B2AF67E0001D8CA /* PBXContainerItemProxy */ = {
			isa = PBXContainerItemProxy;
			containerPortal = F81FCC5C2B2AF67E0001D8CA /* PokemonList.xcodeproj */;
			proxyType = 2;
			remoteGlobalIDString = F81FCC522B2AF67E0001D8CA;
			remoteInfo = PokemonList;
		};
		F81FCC8A2B2AF7260001D8CA /* PBXContainerItemProxy */ = {
			isa = PBXContainerItemProxy;
			containerPortal = F81FCC862B2AF7250001D8CA /* MyPokemonList.xcodeproj */;
			proxyType = 2;
			remoteGlobalIDString = F81FCC7C2B2AF7250001D8CA;
			remoteInfo = MyPokemonList;
		};
/* End PBXContainerItemProxy section */

/* Begin PBXCopyFilesBuildPhase section */
		F81FCC0D2B2AEE530001D8CA /* Embed Frameworks */ = {
			isa = PBXCopyFilesBuildPhase;
			buildActionMask = 2147483647;
			dstPath = "";
			dstSubfolderSpec = 10;
			files = (
				F81FCC0C2B2AEE530001D8CA /* Shared.framework in Embed Frameworks */,
				F81FCC712B2AF6DA0001D8CA /* PokemonList.framework in Embed Frameworks */,
				F81FCC382B2AF17B0001D8CA /* PokemonDetails.framework in Embed Frameworks */,
			);
			name = "Embed Frameworks";
			runOnlyForDeploymentPostprocessing = 0;
		};
/* End PBXCopyFilesBuildPhase section */

/* Begin PBXFileReference section */
		F81FCC0A2B2AEE530001D8CA /* Shared.framework */ = {isa = PBXFileReference; explicitFileType = wrapper.framework; path = Shared.framework; sourceTree = BUILT_PRODUCTS_DIR; };
		F81FCC242B2AF1110001D8CA /* PokemonDetails.xcodeproj */ = {isa = PBXFileReference; lastKnownFileType = "wrapper.pb-project"; name = PokemonDetails.xcodeproj; path = PokemonDetails/PokemonDetails.xcodeproj; sourceTree = "<group>"; };
		F81FCC5C2B2AF67E0001D8CA /* PokemonList.xcodeproj */ = {isa = PBXFileReference; lastKnownFileType = "wrapper.pb-project"; name = PokemonList.xcodeproj; path = PokemonList/PokemonList.xcodeproj; sourceTree = "<group>"; };
		F81FCC862B2AF7250001D8CA /* MyPokemonList.xcodeproj */ = {isa = PBXFileReference; lastKnownFileType = "wrapper.pb-project"; name = MyPokemonList.xcodeproj; path = MyPokemonList/MyPokemonList.xcodeproj; sourceTree = "<group>"; };
		F8C6A7262B299D5000772964 /* MyPokemonPhincon.app */ = {isa = PBXFileReference; explicitFileType = wrapper.application; includeInIndex = 0; path = MyPokemonPhincon.app; sourceTree = BUILT_PRODUCTS_DIR; };
		F8C6A7292B299D5000772964 /* MyPokemonPhinconApp.swift */ = {isa = PBXFileReference; lastKnownFileType = sourcecode.swift; path = MyPokemonPhinconApp.swift; sourceTree = "<group>"; };
		F8C6A72D2B299D5100772964 /* Assets.xcassets */ = {isa = PBXFileReference; lastKnownFileType = folder.assetcatalog; path = Assets.xcassets; sourceTree = "<group>"; };
		F8C6A7302B299D5100772964 /* Preview Assets.xcassets */ = {isa = PBXFileReference; lastKnownFileType = folder.assetcatalog; path = "Preview Assets.xcassets"; sourceTree = "<group>"; };
		F8C6A7352B299D5100772964 /* MyPokemonPhincon.xcdatamodel */ = {isa = PBXFileReference; lastKnownFileType = wrapper.xcdatamodel; path = MyPokemonPhincon.xcdatamodel; sourceTree = "<group>"; };
/* End PBXFileReference section */

/* Begin PBXFrameworksBuildPhase section */
		F8C6A7232B299D5000772964 /* Frameworks */ = {
			isa = PBXFrameworksBuildPhase;
			buildActionMask = 2147483647;
			files = (
				F81FCC0B2B2AEE530001D8CA /* Shared.framework in Frameworks */,
				F81FCC702B2AF6DA0001D8CA /* PokemonList.framework in Frameworks */,
				F81FCC372B2AF17B0001D8CA /* PokemonDetails.framework in Frameworks */,
			);
			runOnlyForDeploymentPostprocessing = 0;
		};
/* End PBXFrameworksBuildPhase section */

/* Begin PBXGroup section */
		F81FCC092B2AEE500001D8CA /* Frameworks */ = {
			isa = PBXGroup;
			children = (
				F81FCC0A2B2AEE530001D8CA /* Shared.framework */,
			);
			name = Frameworks;
			sourceTree = "<group>";
		};
		F81FCC252B2AF1110001D8CA /* Products */ = {
			isa = PBXGroup;
			children = (
				F81FCC292B2AF1120001D8CA /* PokemonDetails.framework */,
			);
			name = Products;
			sourceTree = "<group>";
		};
		F81FCC472B2AF62B0001D8CA /* Main */ = {
			isa = PBXGroup;
			children = (
				F8C6A7292B299D5000772964 /* MyPokemonPhinconApp.swift */,
			);
			path = Main;
			sourceTree = "<group>";
		};
		F81FCC5D2B2AF67E0001D8CA /* Products */ = {
			isa = PBXGroup;
			children = (
				F81FCC612B2AF67E0001D8CA /* PokemonList.framework */,
			);
			name = Products;
			sourceTree = "<group>";
		};
		F81FCC872B2AF7250001D8CA /* Products */ = {
			isa = PBXGroup;
			children = (
				F81FCC8B2B2AF7260001D8CA /* MyPokemonList.framework */,
			);
			name = Products;
			sourceTree = "<group>";
		};
		F8C6A71D2B299D5000772964 = {
			isa = PBXGroup;
			children = (
				F8C6A7282B299D5000772964 /* MyPokemonPhincon */,
				F8C6A7272B299D5000772964 /* Products */,
				F81FCC092B2AEE500001D8CA /* Frameworks */,
			);
			sourceTree = "<group>";
		};
		F8C6A7272B299D5000772964 /* Products */ = {
			isa = PBXGroup;
			children = (
				F8C6A7262B299D5000772964 /* MyPokemonPhincon.app */,
			);
			name = Products;
			sourceTree = "<group>";
		};
		F8C6A7282B299D5000772964 /* MyPokemonPhincon */ = {
			isa = PBXGroup;
			children = (
				F81FCC472B2AF62B0001D8CA /* Main */,
				F8C6A74C2B29DD6000772964 /* Features */,
				F8C6A7472B29DB5200772964 /* Assets */,
				F8C6A72F2B299D5100772964 /* Preview Content */,
			);
			path = MyPokemonPhincon;
			sourceTree = "<group>";
		};
		F8C6A72F2B299D5100772964 /* Preview Content */ = {
			isa = PBXGroup;
			children = (
				F8C6A7302B299D5100772964 /* Preview Assets.xcassets */,
			);
			path = "Preview Content";
			sourceTree = "<group>";
		};
		F8C6A7472B29DB5200772964 /* Assets */ = {
			isa = PBXGroup;
			children = (
				F8C6A7342B299D5100772964 /* MyPokemonPhincon.xcdatamodeld */,
				F8C6A72D2B299D5100772964 /* Assets.xcassets */,
			);
			path = Assets;
			sourceTree = "<group>";
		};
		F8C6A74C2B29DD6000772964 /* Features */ = {
			isa = PBXGroup;
			children = (
				F81FCC5C2B2AF67E0001D8CA /* PokemonList.xcodeproj */,
				F81FCC242B2AF1110001D8CA /* PokemonDetails.xcodeproj */,
				F81FCC862B2AF7250001D8CA /* MyPokemonList.xcodeproj */,
			);
			path = Features;
			sourceTree = "<group>";
		};
/* End PBXGroup section */

/* Begin PBXNativeTarget section */
		F8C6A7252B299D5000772964 /* MyPokemonPhincon */ = {
			isa = PBXNativeTarget;
			buildConfigurationList = F8C6A7392B299D5100772964 /* Build configuration list for PBXNativeTarget "MyPokemonPhincon" */;
			buildPhases = (
				F8C6A7222B299D5000772964 /* Sources */,
				F8C6A7232B299D5000772964 /* Frameworks */,
				F8C6A7242B299D5000772964 /* Resources */,
				F81FCC0D2B2AEE530001D8CA /* Embed Frameworks */,
			);
			buildRules = (
			);
			dependencies = (
			);
			name = MyPokemonPhincon;
			packageProductDependencies = (
			);
			productName = MyPokemonPhincon;
			productReference = F8C6A7262B299D5000772964 /* MyPokemonPhincon.app */;
			productType = "com.apple.product-type.application";
		};
/* End PBXNativeTarget section */

/* Begin PBXProject section */
		F8C6A71E2B299D5000772964 /* Project object */ = {
			isa = PBXProject;
			attributes = {
				BuildIndependentTargetsInParallel = 1;
				LastSwiftUpdateCheck = 1500;
				LastUpgradeCheck = 1500;
				TargetAttributes = {
					F8C6A7252B299D5000772964 = {
						CreatedOnToolsVersion = 15.0.1;
					};
				};
			};
			buildConfigurationList = F8C6A7212B299D5000772964 /* Build configuration list for PBXProject "MyPokemonPhincon" */;
			compatibilityVersion = "Xcode 14.0";
			developmentRegion = en;
			hasScannedForEncodings = 0;
			knownRegions = (
				en,
				Base,
			);
			mainGroup = F8C6A71D2B299D5000772964;
			packageReferences = (
			);
			productRefGroup = F8C6A7272B299D5000772964 /* Products */;
			projectDirPath = "";
			projectReferences = (
				{
					ProductGroup = F81FCC872B2AF7250001D8CA /* Products */;
					ProjectRef = F81FCC862B2AF7250001D8CA /* MyPokemonList.xcodeproj */;
				},
				{
					ProductGroup = F81FCC252B2AF1110001D8CA /* Products */;
					ProjectRef = F81FCC242B2AF1110001D8CA /* PokemonDetails.xcodeproj */;
				},
				{
					ProductGroup = F81FCC5D2B2AF67E0001D8CA /* Products */;
					ProjectRef = F81FCC5C2B2AF67E0001D8CA /* PokemonList.xcodeproj */;
				},
			);
			projectRoot = "";
			targets = (
				F8C6A7252B299D5000772964 /* MyPokemonPhincon */,
			);
		};
/* End PBXProject section */

/* Begin PBXReferenceProxy section */
		F81FCC292B2AF1120001D8CA /* PokemonDetails.framework */ = {
			isa = PBXReferenceProxy;
			fileType = wrapper.framework;
			path = PokemonDetails.framework;
			remoteRef = F81FCC282B2AF1120001D8CA /* PBXContainerItemProxy */;
			sourceTree = BUILT_PRODUCTS_DIR;
		};
		F81FCC612B2AF67E0001D8CA /* PokemonList.framework */ = {
			isa = PBXReferenceProxy;
			fileType = wrapper.framework;
			path = PokemonList.framework;
			remoteRef = F81FCC602B2AF67E0001D8CA /* PBXContainerItemProxy */;
			sourceTree = BUILT_PRODUCTS_DIR;
		};
		F81FCC8B2B2AF7260001D8CA /* MyPokemonList.framework */ = {
			isa = PBXReferenceProxy;
			fileType = wrapper.framework;
			path = MyPokemonList.framework;
			remoteRef = F81FCC8A2B2AF7260001D8CA /* PBXContainerItemProxy */;
			sourceTree = BUILT_PRODUCTS_DIR;
		};
/* End PBXReferenceProxy section */

/* Begin PBXResourcesBuildPhase section */
		F8C6A7242B299D5000772964 /* Resources */ = {
			isa = PBXResourcesBuildPhase;
			buildActionMask = 2147483647;
			files = (
				F8C6A7312B299D5100772964 /* Preview Assets.xcassets in Resources */,
				F8C6A72E2B299D5100772964 /* Assets.xcassets in Resources */,
			);
			runOnlyForDeploymentPostprocessing = 0;
		};
/* End PBXResourcesBuildPhase section */

/* Begin PBXSourcesBuildPhase section */
		F8C6A7222B299D5000772964 /* Sources */ = {
			isa = PBXSourcesBuildPhase;
			buildActionMask = 2147483647;
			files = (
				F8C6A72A2B299D5000772964 /* MyPokemonPhinconApp.swift in Sources */,
				F8C6A7362B299D5100772964 /* MyPokemonPhincon.xcdatamodeld in Sources */,
			);
			runOnlyForDeploymentPostprocessing = 0;
		};
/* End PBXSourcesBuildPhase section */

/* Begin XCBuildConfiguration section */
		F8C6A7372B299D5100772964 /* Debug */ = {
			isa = XCBuildConfiguration;
			buildSettings = {
				ALWAYS_SEARCH_USER_PATHS = NO;
				ASSETCATALOG_COMPILER_GENERATE_SWIFT_ASSET_SYMBOL_EXTENSIONS = YES;
				CLANG_ANALYZER_NONNULL = YES;
				CLANG_ANALYZER_NUMBER_OBJECT_CONVERSION = YES_AGGRESSIVE;
				CLANG_CXX_LANGUAGE_STANDARD = "gnu++20";
				CLANG_ENABLE_MODULES = YES;
				CLANG_ENABLE_OBJC_ARC = YES;
				CLANG_ENABLE_OBJC_WEAK = YES;
				CLANG_WARN_BLOCK_CAPTURE_AUTORELEASING = YES;
				CLANG_WARN_BOOL_CONVERSION = YES;
				CLANG_WARN_COMMA = YES;
				CLANG_WARN_CONSTANT_CONVERSION = YES;
				CLANG_WARN_DEPRECATED_OBJC_IMPLEMENTATIONS = YES;
				CLANG_WARN_DIRECT_OBJC_ISA_USAGE = YES_ERROR;
				CLANG_WARN_DOCUMENTATION_COMMENTS = YES;
				CLANG_WARN_EMPTY_BODY = YES;
				CLANG_WARN_ENUM_CONVERSION = YES;
				CLANG_WARN_INFINITE_RECURSION = YES;
				CLANG_WARN_INT_CONVERSION = YES;
				CLANG_WARN_NON_LITERAL_NULL_CONVERSION = YES;
				CLANG_WARN_OBJC_IMPLICIT_RETAIN_SELF = YES;
				CLANG_WARN_OBJC_LITERAL_CONVERSION = YES;
				CLANG_WARN_OBJC_ROOT_CLASS = YES_ERROR;
				CLANG_WARN_QUOTED_INCLUDE_IN_FRAMEWORK_HEADER = YES;
				CLANG_WARN_RANGE_LOOP_ANALYSIS = YES;
				CLANG_WARN_STRICT_PROTOTYPES = YES;
				CLANG_WARN_SUSPICIOUS_MOVE = YES;
				CLANG_WARN_UNGUARDED_AVAILABILITY = YES_AGGRESSIVE;
				CLANG_WARN_UNREACHABLE_CODE = YES;
				CLANG_WARN__DUPLICATE_METHOD_MATCH = YES;
				COPY_PHASE_STRIP = NO;
				DEBUG_INFORMATION_FORMAT = dwarf;
				ENABLE_STRICT_OBJC_MSGSEND = YES;
				ENABLE_TESTABILITY = YES;
				ENABLE_USER_SCRIPT_SANDBOXING = YES;
				GCC_C_LANGUAGE_STANDARD = gnu17;
				GCC_DYNAMIC_NO_PIC = NO;
				GCC_NO_COMMON_BLOCKS = YES;
				GCC_OPTIMIZATION_LEVEL = 0;
				GCC_PREPROCESSOR_DEFINITIONS = (
					"DEBUG=1",
					"$(inherited)",
				);
				GCC_WARN_64_TO_32_BIT_CONVERSION = YES;
				GCC_WARN_ABOUT_RETURN_TYPE = YES_ERROR;
				GCC_WARN_UNDECLARED_SELECTOR = YES;
				GCC_WARN_UNINITIALIZED_AUTOS = YES_AGGRESSIVE;
				GCC_WARN_UNUSED_FUNCTION = YES;
				GCC_WARN_UNUSED_VARIABLE = YES;
				IPHONEOS_DEPLOYMENT_TARGET = 17.0;
				LOCALIZATION_PREFERS_STRING_CATALOGS = YES;
				MTL_ENABLE_DEBUG_INFO = INCLUDE_SOURCE;
				MTL_FAST_MATH = YES;
				ONLY_ACTIVE_ARCH = YES;
				SDKROOT = iphoneos;
				SWIFT_ACTIVE_COMPILATION_CONDITIONS = "DEBUG $(inherited)";
				SWIFT_OPTIMIZATION_LEVEL = "-Onone";
			};
			name = Debug;
		};
		F8C6A7382B299D5100772964 /* Release */ = {
			isa = XCBuildConfiguration;
			buildSettings = {
				ALWAYS_SEARCH_USER_PATHS = NO;
				ASSETCATALOG_COMPILER_GENERATE_SWIFT_ASSET_SYMBOL_EXTENSIONS = YES;
				CLANG_ANALYZER_NONNULL = YES;
				CLANG_ANALYZER_NUMBER_OBJECT_CONVERSION = YES_AGGRESSIVE;
				CLANG_CXX_LANGUAGE_STANDARD = "gnu++20";
				CLANG_ENABLE_MODULES = YES;
				CLANG_ENABLE_OBJC_ARC = YES;
				CLANG_ENABLE_OBJC_WEAK = YES;
				CLANG_WARN_BLOCK_CAPTURE_AUTORELEASING = YES;
				CLANG_WARN_BOOL_CONVERSION = YES;
				CLANG_WARN_COMMA = YES;
				CLANG_WARN_CONSTANT_CONVERSION = YES;
				CLANG_WARN_DEPRECATED_OBJC_IMPLEMENTATIONS = YES;
				CLANG_WARN_DIRECT_OBJC_ISA_USAGE = YES_ERROR;
				CLANG_WARN_DOCUMENTATION_COMMENTS = YES;
				CLANG_WARN_EMPTY_BODY = YES;
				CLANG_WARN_ENUM_CONVERSION = YES;
				CLANG_WARN_INFINITE_RECURSION = YES;
				CLANG_WARN_INT_CONVERSION = YES;
				CLANG_WARN_NON_LITERAL_NULL_CONVERSION = YES;
				CLANG_WARN_OBJC_IMPLICIT_RETAIN_SELF = YES;
				CLANG_WARN_OBJC_LITERAL_CONVERSION = YES;
				CLANG_WARN_OBJC_ROOT_CLASS = YES_ERROR;
				CLANG_WARN_QUOTED_INCLUDE_IN_FRAMEWORK_HEADER = YES;
				CLANG_WARN_RANGE_LOOP_ANALYSIS = YES;
				CLANG_WARN_STRICT_PROTOTYPES = YES;
				CLANG_WARN_SUSPICIOUS_MOVE = YES;
				CLANG_WARN_UNGUARDED_AVAILABILITY = YES_AGGRESSIVE;
				CLANG_WARN_UNREACHABLE_CODE = YES;
				CLANG_WARN__DUPLICATE_METHOD_MATCH = YES;
				COPY_PHASE_STRIP = NO;
				DEBUG_INFORMATION_FORMAT = "dwarf-with-dsym";
				ENABLE_NS_ASSERTIONS = NO;
				ENABLE_STRICT_OBJC_MSGSEND = YES;
				ENABLE_USER_SCRIPT_SANDBOXING = YES;
				GCC_C_LANGUAGE_STANDARD = gnu17;
				GCC_NO_COMMON_BLOCKS = YES;
				GCC_WARN_64_TO_32_BIT_CONVERSION = YES;
				GCC_WARN_ABOUT_RETURN_TYPE = YES_ERROR;
				GCC_WARN_UNDECLARED_SELECTOR = YES;
				GCC_WARN_UNINITIALIZED_AUTOS = YES_AGGRESSIVE;
				GCC_WARN_UNUSED_FUNCTION = YES;
				GCC_WARN_UNUSED_VARIABLE = YES;
				IPHONEOS_DEPLOYMENT_TARGET = 17.0;
				LOCALIZATION_PREFERS_STRING_CATALOGS = YES;
				MTL_ENABLE_DEBUG_INFO = NO;
				MTL_FAST_MATH = YES;
				SDKROOT = iphoneos;
				SWIFT_COMPILATION_MODE = wholemodule;
				VALIDATE_PRODUCT = YES;
			};
			name = Release;
		};
		F8C6A73A2B299D5100772964 /* Debug */ = {
			isa = XCBuildConfiguration;
			buildSettings = {
				ASSETCATALOG_COMPILER_APPICON_NAME = AppIcon;
				ASSETCATALOG_COMPILER_GLOBAL_ACCENT_COLOR_NAME = AccentColor;
				CODE_SIGN_STYLE = Automatic;
				CURRENT_PROJECT_VERSION = 1;
				DEVELOPMENT_ASSET_PATHS = "\"MyPokemonPhincon/Preview Content\"";
				DEVELOPMENT_TEAM = 62H8VDRC4X;
				ENABLE_PREVIEWS = YES;
				GENERATE_INFOPLIST_FILE = YES;
				INFOPLIST_KEY_UIApplicationSceneManifest_Generation = YES;
				INFOPLIST_KEY_UIApplicationSupportsIndirectInputEvents = YES;
				INFOPLIST_KEY_UILaunchScreen_Generation = YES;
				INFOPLIST_KEY_UISupportedInterfaceOrientations_iPad = "UIInterfaceOrientationPortrait UIInterfaceOrientationPortraitUpsideDown UIInterfaceOrientationLandscapeLeft UIInterfaceOrientationLandscapeRight";
				INFOPLIST_KEY_UISupportedInterfaceOrientations_iPhone = "UIInterfaceOrientationPortrait UIInterfaceOrientationLandscapeLeft UIInterfaceOrientationLandscapeRight";
				LD_RUNPATH_SEARCH_PATHS = (
					"$(inherited)",
					"@executable_path/Frameworks",
				);
				MARKETING_VERSION = 1.0;
				PRODUCT_BUNDLE_IDENTIFIER = com.fuadkhairi.pokemonPhincon.MyPokemonPhincon;
				PRODUCT_NAME = "$(TARGET_NAME)";
				SWIFT_EMIT_LOC_STRINGS = YES;
				SWIFT_VERSION = 5.0;
				TARGETED_DEVICE_FAMILY = "1,2";
			};
			name = Debug;
		};
		F8C6A73B2B299D5100772964 /* Release */ = {
			isa = XCBuildConfiguration;
			buildSettings = {
				ASSETCATALOG_COMPILER_APPICON_NAME = AppIcon;
				ASSETCATALOG_COMPILER_GLOBAL_ACCENT_COLOR_NAME = AccentColor;
				CODE_SIGN_STYLE = Automatic;
				CURRENT_PROJECT_VERSION = 1;
				DEVELOPMENT_ASSET_PATHS = "\"MyPokemonPhincon/Preview Content\"";
				DEVELOPMENT_TEAM = 62H8VDRC4X;
				ENABLE_PREVIEWS = YES;
				GENERATE_INFOPLIST_FILE = YES;
				INFOPLIST_KEY_UIApplicationSceneManifest_Generation = YES;
				INFOPLIST_KEY_UIApplicationSupportsIndirectInputEvents = YES;
				INFOPLIST_KEY_UILaunchScreen_Generation = YES;
				INFOPLIST_KEY_UISupportedInterfaceOrientations_iPad = "UIInterfaceOrientationPortrait UIInterfaceOrientationPortraitUpsideDown UIInterfaceOrientationLandscapeLeft UIInterfaceOrientationLandscapeRight";
				INFOPLIST_KEY_UISupportedInterfaceOrientations_iPhone = "UIInterfaceOrientationPortrait UIInterfaceOrientationLandscapeLeft UIInterfaceOrientationLandscapeRight";
				LD_RUNPATH_SEARCH_PATHS = (
					"$(inherited)",
					"@executable_path/Frameworks",
				);
				MARKETING_VERSION = 1.0;
				PRODUCT_BUNDLE_IDENTIFIER = com.fuadkhairi.pokemonPhincon.MyPokemonPhincon;
				PRODUCT_NAME = "$(TARGET_NAME)";
				SWIFT_EMIT_LOC_STRINGS = YES;
				SWIFT_VERSION = 5.0;
				TARGETED_DEVICE_FAMILY = "1,2";
			};
			name = Release;
		};
/* End XCBuildConfiguration section */

/* Begin XCConfigurationList section */
		F8C6A7212B299D5000772964 /* Build configuration list for PBXProject "MyPokemonPhincon" */ = {
			isa = XCConfigurationList;
			buildConfigurations = (
				F8C6A7372B299D5100772964 /* Debug */,
				F8C6A7382B299D5100772964 /* Release */,
			);
			defaultConfigurationIsVisible = 0;
			defaultConfigurationName = Release;
		};
		F8C6A7392B299D5100772964 /* Build configuration list for PBXNativeTarget "MyPokemonPhincon" */ = {
			isa = XCConfigurationList;
			buildConfigurations = (
				F8C6A73A2B299D5100772964 /* Debug */,
				F8C6A73B2B299D5100772964 /* Release */,
			);
			defaultConfigurationIsVisible = 0;
			defaultConfigurationName = Release;
		};
/* End XCConfigurationList section */

/* Begin XCVersionGroup section */
		F8C6A7342B299D5100772964 /* MyPokemonPhincon.xcdatamodeld */ = {
			isa = XCVersionGroup;
			children = (
				F8C6A7352B299D5100772964 /* MyPokemonPhincon.xcdatamodel */,
			);
			currentVersion = F8C6A7352B299D5100772964 /* MyPokemonPhincon.xcdatamodel */;
			path = MyPokemonPhincon.xcdatamodeld;
			sourceTree = "<group>";
			versionGroupType = wrapper.xcdatamodel;
		};
/* End XCVersionGroup section */
	};
	rootObject = F8C6A71E2B299D5000772964 /* Project object */;
}
