// !$*UTF8*$!
{
	archiveVersion = 1;
	classes = {
	};
	objectVersion = 56;
	objects = {

/* Begin PBXBuildFile section */
		F81FCC562B2AF67E0001D8CA /* PokemonList.h in Headers */ = {isa = PBXBuildFile; fileRef = F81FCC552B2AF67E0001D8CA /* PokemonList.h */; settings = {ATTRIBUTES = (Public, ); }; };
		F81FCC652B2AF6AD0001D8CA /* PokemonListView.swift in Sources */ = {isa = PBXBuildFile; fileRef = F81FCC622B2AF6AC0001D8CA /* PokemonListView.swift */; };
		F81FCC662B2AF6AD0001D8CA /* PokemonListInteractor.swift in Sources */ = {isa = PBXBuildFile; fileRef = F81FCC632B2AF6AC0001D8CA /* PokemonListInteractor.swift */; };
		F81FCC672B2AF6AD0001D8CA /* PokemonListPresenter.swift in Sources */ = {isa = PBXBuildFile; fileRef = F81FCC642B2AF6AD0001D8CA /* PokemonListPresenter.swift */; };
		F81FCC6A2B2AF6C30001D8CA /* Shared.framework in Frameworks */ = {isa = PBXBuildFile; fileRef = F81FCC692B2AF6C30001D8CA /* Shared.framework */; };
		F81FCC6B2B2AF6C30001D8CA /* Shared.framework in Embed Frameworks */ = {isa = PBXBuildFile; fileRef = F81FCC692B2AF6C30001D8CA /* Shared.framework */; settings = {ATTRIBUTES = (CodeSignOnCopy, RemoveHeadersOnCopy, ); }; };
		F81FCC6E2B2AF6C60001D8CA /* PokemonDetails.framework in Frameworks */ = {isa = PBXBuildFile; fileRef = F81FCC6D2B2AF6C60001D8CA /* PokemonDetails.framework */; };
		F81FCC6F2B2AF6C60001D8CA /* PokemonDetails.framework in Embed Frameworks */ = {isa = PBXBuildFile; fileRef = F81FCC6D2B2AF6C60001D8CA /* PokemonDetails.framework */; settings = {ATTRIBUTES = (CodeSignOnCopy, RemoveHeadersOnCopy, ); }; };
		F81FCC9D2B2AF7620001D8CA /* MyPokemonList.framework in Frameworks */ = {isa = PBXBuildFile; fileRef = F81FCC9C2B2AF7620001D8CA /* MyPokemonList.framework */; };
		F81FCC9E2B2AF7620001D8CA /* MyPokemonList.framework in Embed Frameworks */ = {isa = PBXBuildFile; fileRef = F81FCC9C2B2AF7620001D8CA /* MyPokemonList.framework */; settings = {ATTRIBUTES = (CodeSignOnCopy, RemoveHeadersOnCopy, ); }; };
/* End PBXBuildFile section */

/* Begin PBXCopyFilesBuildPhase section */
		F81FCC6C2B2AF6C30001D8CA /* Embed Frameworks */ = {
			isa = PBXCopyFilesBuildPhase;
			buildActionMask = 2147483647;
			dstPath = "";
			dstSubfolderSpec = 10;
			files = (
				F81FCC6B2B2AF6C30001D8CA /* Shared.framework in Embed Frameworks */,
				F81FCC6F2B2AF6C60001D8CA /* PokemonDetails.framework in Embed Frameworks */,
				F81FCC9E2B2AF7620001D8CA /* MyPokemonList.framework in Embed Frameworks */,
			);
			name = "Embed Frameworks";
			runOnlyForDeploymentPostprocessing = 0;
		};
/* End PBXCopyFilesBuildPhase section */

/* Begin PBXFileReference section */
		F81FCC522B2AF67E0001D8CA /* PokemonList.framework */ = {isa = PBXFileReference; explicitFileType = wrapper.framework; includeInIndex = 0; path = PokemonList.framework; sourceTree = BUILT_PRODUCTS_DIR; };
		F81FCC552B2AF67E0001D8CA /* PokemonList.h */ = {isa = PBXFileReference; lastKnownFileType = sourcecode.c.h; path = PokemonList.h; sourceTree = "<group>"; };
		F81FCC622B2AF6AC0001D8CA /* PokemonListView.swift */ = {isa = PBXFileReference; fileEncoding = 4; lastKnownFileType = sourcecode.swift; path = PokemonListView.swift; sourceTree = "<group>"; };
		F81FCC632B2AF6AC0001D8CA /* PokemonListInteractor.swift */ = {isa = PBXFileReference; fileEncoding = 4; lastKnownFileType = sourcecode.swift; path = PokemonListInteractor.swift; sourceTree = "<group>"; };
		F81FCC642B2AF6AD0001D8CA /* PokemonListPresenter.swift */ = {isa = PBXFileReference; fileEncoding = 4; lastKnownFileType = sourcecode.swift; path = PokemonListPresenter.swift; sourceTree = "<group>"; };
		F81FCC692B2AF6C30001D8CA /* Shared.framework */ = {isa = PBXFileReference; explicitFileType = wrapper.framework; path = Shared.framework; sourceTree = BUILT_PRODUCTS_DIR; };
		F81FCC6D2B2AF6C60001D8CA /* PokemonDetails.framework */ = {isa = PBXFileReference; explicitFileType = wrapper.framework; path = PokemonDetails.framework; sourceTree = BUILT_PRODUCTS_DIR; };
		F81FCC9C2B2AF7620001D8CA /* MyPokemonList.framework */ = {isa = PBXFileReference; explicitFileType = wrapper.framework; path = MyPokemonList.framework; sourceTree = BUILT_PRODUCTS_DIR; };
/* End PBXFileReference section */

/* Begin PBXFrameworksBuildPhase section */
		F81FCC4F2B2AF67E0001D8CA /* Frameworks */ = {
			isa = PBXFrameworksBuildPhase;
			buildActionMask = 2147483647;
			files = (
				F81FCC6A2B2AF6C30001D8CA /* Shared.framework in Frameworks */,
				F81FCC6E2B2AF6C60001D8CA /* PokemonDetails.framework in Frameworks */,
				F81FCC9D2B2AF7620001D8CA /* MyPokemonList.framework in Frameworks */,
			);
			runOnlyForDeploymentPostprocessing = 0;
		};
/* End PBXFrameworksBuildPhase section */

/* Begin PBXGroup section */
		F81FCC482B2AF67E0001D8CA = {
			isa = PBXGroup;
			children = (
				F81FCC542B2AF67E0001D8CA /* PokemonList */,
				F81FCC532B2AF67E0001D8CA /* Products */,
				F81FCC682B2AF6C30001D8CA /* Frameworks */,
			);
			sourceTree = "<group>";
		};
		F81FCC532B2AF67E0001D8CA /* Products */ = {
			isa = PBXGroup;
			children = (
				F81FCC522B2AF67E0001D8CA /* PokemonList.framework */,
			);
			name = Products;
			sourceTree = "<group>";
		};
		F81FCC542B2AF67E0001D8CA /* PokemonList */ = {
			isa = PBXGroup;
			children = (
				F81FCC632B2AF6AC0001D8CA /* PokemonListInteractor.swift */,
				F81FCC642B2AF6AD0001D8CA /* PokemonListPresenter.swift */,
				F81FCC622B2AF6AC0001D8CA /* PokemonListView.swift */,
				F81FCC552B2AF67E0001D8CA /* PokemonList.h */,
			);
			path = PokemonList;
			sourceTree = "<group>";
		};
		F81FCC682B2AF6C30001D8CA /* Frameworks */ = {
			isa = PBXGroup;
			children = (
				F81FCC9C2B2AF7620001D8CA /* MyPokemonList.framework */,
				F81FCC6D2B2AF6C60001D8CA /* PokemonDetails.framework */,
				F81FCC692B2AF6C30001D8CA /* Shared.framework */,
			);
			name = Frameworks;
			sourceTree = "<group>";
		};
/* End PBXGroup section */

/* Begin PBXHeadersBuildPhase section */
		F81FCC4D2B2AF67E0001D8CA /* Headers */ = {
			isa = PBXHeadersBuildPhase;
			buildActionMask = 2147483647;
			files = (
				F81FCC562B2AF67E0001D8CA /* PokemonList.h in Headers */,
			);
			runOnlyForDeploymentPostprocessing = 0;
		};
/* End PBXHeadersBuildPhase section */

/* Begin PBXNativeTarget section */
		F81FCC512B2AF67E0001D8CA /* PokemonList */ = {
			isa = PBXNativeTarget;
			buildConfigurationList = F81FCC592B2AF67E0001D8CA /* Build configuration list for PBXNativeTarget "PokemonList" */;
			buildPhases = (
				F81FCC4D2B2AF67E0001D8CA /* Headers */,
				F81FCC4E2B2AF67E0001D8CA /* Sources */,
				F81FCC4F2B2AF67E0001D8CA /* Frameworks */,
				F81FCC502B2AF67E0001D8CA /* Resources */,
				F81FCC6C2B2AF6C30001D8CA /* Embed Frameworks */,
			);
			buildRules = (
			);
			dependencies = (
			);
			name = PokemonList;
			productName = PokemonList;
			productReference = F81FCC522B2AF67E0001D8CA /* PokemonList.framework */;
			productType = "com.apple.product-type.framework";
		};
/* End PBXNativeTarget section */

/* Begin PBXProject section */
		F81FCC492B2AF67E0001D8CA /* Project object */ = {
			isa = PBXProject;
			attributes = {
				BuildIndependentTargetsInParallel = 1;
				LastUpgradeCheck = 1500;
				TargetAttributes = {
					F81FCC512B2AF67E0001D8CA = {
						CreatedOnToolsVersion = 15.0.1;
						LastSwiftMigration = 1500;
					};
				};
			};
			buildConfigurationList = F81FCC4C2B2AF67E0001D8CA /* Build configuration list for PBXProject "PokemonList" */;
			compatibilityVersion = "Xcode 14.0";
			developmentRegion = en;
			hasScannedForEncodings = 0;
			knownRegions = (
				en,
				Base,
			);
			mainGroup = F81FCC482B2AF67E0001D8CA;
			productRefGroup = F81FCC532B2AF67E0001D8CA /* Products */;
			projectDirPath = "";
			projectRoot = "";
			targets = (
				F81FCC512B2AF67E0001D8CA /* PokemonList */,
			);
		};
/* End PBXProject section */

/* Begin PBXResourcesBuildPhase section */
		F81FCC502B2AF67E0001D8CA /* Resources */ = {
			isa = PBXResourcesBuildPhase;
			buildActionMask = 2147483647;
			files = (
			);
			runOnlyForDeploymentPostprocessing = 0;
		};
/* End PBXResourcesBuildPhase section */

/* Begin PBXSourcesBuildPhase section */
		F81FCC4E2B2AF67E0001D8CA /* Sources */ = {
			isa = PBXSourcesBuildPhase;
			buildActionMask = 2147483647;
			files = (
				F81FCC672B2AF6AD0001D8CA /* PokemonListPresenter.swift in Sources */,
				F81FCC662B2AF6AD0001D8CA /* PokemonListInteractor.swift in Sources */,
				F81FCC652B2AF6AD0001D8CA /* PokemonListView.swift in Sources */,
			);
			runOnlyForDeploymentPostprocessing = 0;
		};
/* End PBXSourcesBuildPhase section */

/* Begin XCBuildConfiguration section */
		F81FCC572B2AF67E0001D8CA /* Debug */ = {
			isa = XCBuildConfiguration;
			buildSettings = {
				ALWAYS_SEARCH_USER_PATHS = NO;
				ASSETCATALOG_COMPILER_GENERATE_SWIFT_ASSET_SYMBOL_EXTENSIONS = YES;
				CLANG_ANALYZER_NONNULL = YES;
				CLANG_ANALYZER_NUMBER_OBJECT_CONVERSION = YES_AGGRESSIVE;
				CLANG_CXX_LANGUAGE_STANDARD = "gnu++20";
				CLANG_ENABLE_MODULES = YES;
				CLANG_ENABLE_OBJC_ARC = YES;
				CLANG_ENABLE_OBJC_WEAK = YES;
				CLANG_WARN_BLOCK_CAPTURE_AUTORELEASING = YES;
				CLANG_WARN_BOOL_CONVERSION = YES;
				CLANG_WARN_COMMA = YES;
				CLANG_WARN_CONSTANT_CONVERSION = YES;
				CLANG_WARN_DEPRECATED_OBJC_IMPLEMENTATIONS = YES;
				CLANG_WARN_DIRECT_OBJC_ISA_USAGE = YES_ERROR;
				CLANG_WARN_DOCUMENTATION_COMMENTS = YES;
				CLANG_WARN_EMPTY_BODY = YES;
				CLANG_WARN_ENUM_CONVERSION = YES;
				CLANG_WARN_INFINITE_RECURSION = YES;
				CLANG_WARN_INT_CONVERSION = YES;
				CLANG_WARN_NON_LITERAL_NULL_CONVERSION = YES;
				CLANG_WARN_OBJC_IMPLICIT_RETAIN_SELF = YES;
				CLANG_WARN_OBJC_LITERAL_CONVERSION = YES;
				CLANG_WARN_OBJC_ROOT_CLASS = YES_ERROR;
				CLANG_WARN_QUOTED_INCLUDE_IN_FRAMEWORK_HEADER = YES;
				CLANG_WARN_RANGE_LOOP_ANALYSIS = YES;
				CLANG_WARN_STRICT_PROTOTYPES = YES;
				CLANG_WARN_SUSPICIOUS_MOVE = YES;
				CLANG_WARN_UNGUARDED_AVAILABILITY = YES_AGGRESSIVE;
				CLANG_WARN_UNREACHABLE_CODE = YES;
				CLANG_WARN__DUPLICATE_METHOD_MATCH = YES;
				COPY_PHASE_STRIP = NO;
				CURRENT_PROJECT_VERSION = 1;
				DEBUG_INFORMATION_FORMAT = dwarf;
				ENABLE_STRICT_OBJC_MSGSEND = YES;
				ENABLE_TESTABILITY = YES;
				ENABLE_USER_SCRIPT_SANDBOXING = YES;
				GCC_C_LANGUAGE_STANDARD = gnu17;
				GCC_DYNAMIC_NO_PIC = NO;
				GCC_NO_COMMON_BLOCKS = YES;
				GCC_OPTIMIZATION_LEVEL = 0;
				GCC_PREPROCESSOR_DEFINITIONS = (
					"DEBUG=1",
					"$(inherited)",
				);
				GCC_WARN_64_TO_32_BIT_CONVERSION = YES;
				GCC_WARN_ABOUT_RETURN_TYPE = YES_ERROR;
				GCC_WARN_UNDECLARED_SELECTOR = YES;
				GCC_WARN_UNINITIALIZED_AUTOS = YES_AGGRESSIVE;
				GCC_WARN_UNUSED_FUNCTION = YES;
				GCC_WARN_UNUSED_VARIABLE = YES;
				IPHONEOS_DEPLOYMENT_TARGET = 17.0;
				LOCALIZATION_PREFERS_STRING_CATALOGS = YES;
				MTL_ENABLE_DEBUG_INFO = INCLUDE_SOURCE;
				MTL_FAST_MATH = YES;
				ONLY_ACTIVE_ARCH = YES;
				SDKROOT = iphoneos;
				SWIFT_ACTIVE_COMPILATION_CONDITIONS = "DEBUG $(inherited)";
				SWIFT_OPTIMIZATION_LEVEL = "-Onone";
				VERSIONING_SYSTEM = "apple-generic";
				VERSION_INFO_PREFIX = "";
			};
			name = Debug;
		};
		F81FCC582B2AF67E0001D8CA /* Release */ = {
			isa = XCBuildConfiguration;
			buildSettings = {
				ALWAYS_SEARCH_USER_PATHS = NO;
				ASSETCATALOG_COMPILER_GENERATE_SWIFT_ASSET_SYMBOL_EXTENSIONS = YES;
				CLANG_ANALYZER_NONNULL = YES;
				CLANG_ANALYZER_NUMBER_OBJECT_CONVERSION = YES_AGGRESSIVE;
				CLANG_CXX_LANGUAGE_STANDARD = "gnu++20";
				CLANG_ENABLE_MODULES = YES;
				CLANG_ENABLE_OBJC_ARC = YES;
				CLANG_ENABLE_OBJC_WEAK = YES;
				CLANG_WARN_BLOCK_CAPTURE_AUTORELEASING = YES;
				CLANG_WARN_BOOL_CONVERSION = YES;
				CLANG_WARN_COMMA = YES;
				CLANG_WARN_CONSTANT_CONVERSION = YES;
				CLANG_WARN_DEPRECATED_OBJC_IMPLEMENTATIONS = YES;
				CLANG_WARN_DIRECT_OBJC_ISA_USAGE = YES_ERROR;
				CLANG_WARN_DOCUMENTATION_COMMENTS = YES;
				CLANG_WARN_EMPTY_BODY = YES;
				CLANG_WARN_ENUM_CONVERSION = YES;
				CLANG_WARN_INFINITE_RECURSION = YES;
				CLANG_WARN_INT_CONVERSION = YES;
				CLANG_WARN_NON_LITERAL_NULL_CONVERSION = YES;
				CLANG_WARN_OBJC_IMPLICIT_RETAIN_SELF = YES;
				CLANG_WARN_OBJC_LITERAL_CONVERSION = YES;
				CLANG_WARN_OBJC_ROOT_CLASS = YES_ERROR;
				CLANG_WARN_QUOTED_INCLUDE_IN_FRAMEWORK_HEADER = YES;
				CLANG_WARN_RANGE_LOOP_ANALYSIS = YES;
				CLANG_WARN_STRICT_PROTOTYPES = YES;
				CLANG_WARN_SUSPICIOUS_MOVE = YES;
				CLANG_WARN_UNGUARDED_AVAILABILITY = YES_AGGRESSIVE;
				CLANG_WARN_UNREACHABLE_CODE = YES;
				CLANG_WARN__DUPLICATE_METHOD_MATCH = YES;
				COPY_PHASE_STRIP = NO;
				CURRENT_PROJECT_VERSION = 1;
				DEBUG_INFORMATION_FORMAT = "dwarf-with-dsym";
				ENABLE_NS_ASSERTIONS = NO;
				ENABLE_STRICT_OBJC_MSGSEND = YES;
				ENABLE_USER_SCRIPT_SANDBOXING = YES;
				GCC_C_LANGUAGE_STANDARD = gnu17;
				GCC_NO_COMMON_BLOCKS = YES;
				GCC_WARN_64_TO_32_BIT_CONVERSION = YES;
				GCC_WARN_ABOUT_RETURN_TYPE = YES_ERROR;
				GCC_WARN_UNDECLARED_SELECTOR = YES;
				GCC_WARN_UNINITIALIZED_AUTOS = YES_AGGRESSIVE;
				GCC_WARN_UNUSED_FUNCTION = YES;
				GCC_WARN_UNUSED_VARIABLE = YES;
				IPHONEOS_DEPLOYMENT_TARGET = 17.0;
				LOCALIZATION_PREFERS_STRING_CATALOGS = YES;
				MTL_ENABLE_DEBUG_INFO = NO;
				MTL_FAST_MATH = YES;
				SDKROOT = iphoneos;
				SWIFT_COMPILATION_MODE = wholemodule;
				VALIDATE_PRODUCT = YES;
				VERSIONING_SYSTEM = "apple-generic";
				VERSION_INFO_PREFIX = "";
			};
			name = Release;
		};
		F81FCC5A2B2AF67E0001D8CA /* Debug */ = {
			isa = XCBuildConfiguration;
			buildSettings = {
				CLANG_ENABLE_MODULES = YES;
				CODE_SIGN_STYLE = Automatic;
				CURRENT_PROJECT_VERSION = 1;
				DEFINES_MODULE = YES;
				DEVELOPMENT_TEAM = 62H8VDRC4X;
				DYLIB_COMPATIBILITY_VERSION = 1;
				DYLIB_CURRENT_VERSION = 1;
				DYLIB_INSTALL_NAME_BASE = "@rpath";
				ENABLE_MODULE_VERIFIER = YES;
				GENERATE_INFOPLIST_FILE = YES;
				INFOPLIST_KEY_NSHumanReadableCopyright = "";
				INSTALL_PATH = "$(LOCAL_LIBRARY_DIR)/Frameworks";
				LD_RUNPATH_SEARCH_PATHS = (
					"$(inherited)",
					"@executable_path/Frameworks",
					"@loader_path/Frameworks",
				);
				MARKETING_VERSION = 1.0;
				MODULE_VERIFIER_SUPPORTED_LANGUAGES = "objective-c objective-c++";
				MODULE_VERIFIER_SUPPORTED_LANGUAGE_STANDARDS = "gnu17 gnu++20";
				PRODUCT_BUNDLE_IDENTIFIER = com.fuadkhairi.pokemonPhincon.PokemonList;
				PRODUCT_NAME = "$(TARGET_NAME:c99extidentifier)";
				SKIP_INSTALL = YES;
				SWIFT_EMIT_LOC_STRINGS = YES;
				SWIFT_OPTIMIZATION_LEVEL = "-Onone";
				SWIFT_VERSION = 5.0;
				TARGETED_DEVICE_FAMILY = "1,2";
			};
			name = Debug;
		};
		F81FCC5B2B2AF67E0001D8CA /* Release */ = {
			isa = XCBuildConfiguration;
			buildSettings = {
				CLANG_ENABLE_MODULES = YES;
				CODE_SIGN_STYLE = Automatic;
				CURRENT_PROJECT_VERSION = 1;
				DEFINES_MODULE = YES;
				DEVELOPMENT_TEAM = 62H8VDRC4X;
				DYLIB_COMPATIBILITY_VERSION = 1;
				DYLIB_CURRENT_VERSION = 1;
				DYLIB_INSTALL_NAME_BASE = "@rpath";
				ENABLE_MODULE_VERIFIER = YES;
				GENERATE_INFOPLIST_FILE = YES;
				INFOPLIST_KEY_NSHumanReadableCopyright = "";
				INSTALL_PATH = "$(LOCAL_LIBRARY_DIR)/Frameworks";
				LD_RUNPATH_SEARCH_PATHS = (
					"$(inherited)",
					"@executable_path/Frameworks",
					"@loader_path/Frameworks",
				);
				MARKETING_VERSION = 1.0;
				MODULE_VERIFIER_SUPPORTED_LANGUAGES = "objective-c objective-c++";
				MODULE_VERIFIER_SUPPORTED_LANGUAGE_STANDARDS = "gnu17 gnu++20";
				PRODUCT_BUNDLE_IDENTIFIER = com.fuadkhairi.pokemonPhincon.PokemonList;
				PRODUCT_NAME = "$(TARGET_NAME:c99extidentifier)";
				SKIP_INSTALL = YES;
				SWIFT_EMIT_LOC_STRINGS = YES;
				SWIFT_VERSION = 5.0;
				TARGETED_DEVICE_FAMILY = "1,2";
			};
			name = Release;
		};
/* End XCBuildConfiguration section */

/* Begin XCConfigurationList section */
		F81FCC4C2B2AF67E0001D8CA /* Build configuration list for PBXProject "PokemonList" */ = {
			isa = XCConfigurationList;
			buildConfigurations = (
				F81FCC572B2AF67E0001D8CA /* Debug */,
				F81FCC582B2AF67E0001D8CA /* Release */,
			);
			defaultConfigurationIsVisible = 0;
			defaultConfigurationName = Release;
		};
		F81FCC592B2AF67E0001D8CA /* Build configuration list for PBXNativeTarget "PokemonList" */ = {
			isa = XCConfigurationList;
			buildConfigurations = (
				F81FCC5A2B2AF67E0001D8CA /* Debug */,
				F81FCC5B2B2AF67E0001D8CA /* Release */,
			);
			defaultConfigurationIsVisible = 0;
			defaultConfigurationName = Release;
		};
/* End XCConfigurationList section */
	};
	rootObject = F81FCC492B2AF67E0001D8CA /* Project object */;
}
